
Microsoft Visual Studio Solution File, Format Version 12.00
# Visual Studio Version 17
VisualStudioVersion = 17.3.32819.101
MinimumVisualStudioVersion = 10.0.40219.1
Project("{FAE04EC0-301F-11D3-BF4B-00C04F79EFBC}") = "HiringChallenge", "HiringChallenge\HiringChallenge.csproj", "{71B1F024-4EB0-4BDF-AF59-4A4A52C50ADA}"
EndProject
Global
	GlobalSection(SolutionConfigurationPlatforms) = preSolution
		Debug|Any CPU = Debug|Any CPU
		Release|Any CPU = Release|Any CPU
	EndGlobalSection
	GlobalSection(ProjectConfigurationPlatforms) = postSolution
		{71B1F024-4EB0-4BDF-AF59-4A4A52C50ADA}.Debug|Any CPU.ActiveCfg = Debug|Any CPU
		{71B1F024-4EB0-4BDF-AF59-4A4A52C50ADA}.Debug|Any CPU.Build.0 = Debug|Any CPU
		{71B1F024-4EB0-4BDF-AF59-4A4A52C50ADA}.Release|Any CPU.ActiveCfg = Release|Any CPU
		{71B1F024-4EB0-4BDF-AF59-4A4A52C50ADA}.Release|Any CPU.Build.0 = Release|Any CPU
	EndGlobalSection
	GlobalSection(SolutionProperties) = preSolution
		HideSolutionNode = FALSE
	EndGlobalSection
	GlobalSection(ExtensibilityGlobals) = postSolution
		SolutionGuid = {0437EF6F-1C1D-44DD-B155-E4ECE9CDAB14}
	EndGlobalSection
EndGlobal
